
Microsoft Visual Studio Solution File, Format Version 12.00
# Visual Studio Version 17
VisualStudioVersion = 17.7.34024.191
MinimumVisualStudioVersion = 10.0.40219.1
Project("{FAE04EC0-301F-11D3-BF4B-00C04F79EFBC}") = "hang", "hang\hang.csproj", "{60757BEA-0D64-4BA6-97F8-45290EDC5BB3}"
EndProject
Global
	GlobalSection(SolutionConfigurationPlatforms) = preSolution
		Debug|Any CPU = Debug|Any CPU
		Release|Any CPU = Release|Any CPU
	EndGlobalSection
	GlobalSection(ProjectConfigurationPlatforms) = postSolution
		{60757BEA-0D64-4BA6-97F8-45290EDC5BB3}.Debug|Any CPU.ActiveCfg = Debug|Any CPU
		{60757BEA-0D64-4BA6-97F8-45290EDC5BB3}.Debug|Any CPU.Build.0 = Debug|Any CPU
		{60757BEA-0D64-4BA6-97F8-45290EDC5BB3}.Release|Any CPU.ActiveCfg = Release|Any CPU
		{60757BEA-0D64-4BA6-97F8-45290EDC5BB3}.Release|Any CPU.Build.0 = Release|Any CPU
	EndGlobalSection
	GlobalSection(SolutionProperties) = preSolution
		HideSolutionNode = FALSE
	EndGlobalSection
	GlobalSection(ExtensibilityGlobals) = postSolution
		SolutionGuid = {589913B5-5F31-4FC0-A613-8205746B6D54}
	EndGlobalSection
EndGlobal
