
Microsoft Visual Studio Solution File, Format Version 12.00
# Visual Studio Version 17
VisualStudioVersion = 17.7.34024.191
MinimumVisualStudioVersion = 10.0.40219.1
Project("{FAE04EC0-301F-11D3-BF4B-00C04F79EFBC}") = "vòng lập for-each", "vòng lập for-each\vòng lập for-each.csproj", "{D7408A24-6B8D-4E00-BDBA-D847A39222E4}"
EndProject
Global
	GlobalSection(SolutionConfigurationPlatforms) = preSolution
		Debug|Any CPU = Debug|Any CPU
		Release|Any CPU = Release|Any CPU
	EndGlobalSection
	GlobalSection(ProjectConfigurationPlatforms) = postSolution
		{D7408A24-6B8D-4E00-BDBA-D847A39222E4}.Debug|Any CPU.ActiveCfg = Debug|Any CPU
		{D7408A24-6B8D-4E00-BDBA-D847A39222E4}.Debug|Any CPU.Build.0 = Debug|Any CPU
		{D7408A24-6B8D-4E00-BDBA-D847A39222E4}.Release|Any CPU.ActiveCfg = Release|Any CPU
		{D7408A24-6B8D-4E00-BDBA-D847A39222E4}.Release|Any CPU.Build.0 = Release|Any CPU
	EndGlobalSection
	GlobalSection(SolutionProperties) = preSolution
		HideSolutionNode = FALSE
	EndGlobalSection
	GlobalSection(ExtensibilityGlobals) = postSolution
		SolutionGuid = {3E24E7F1-AFFA-4780-AEAB-A35C88657573}
	EndGlobalSection
EndGlobal
