
Microsoft Visual Studio Solution File, Format Version 12.00
# Visual Studio Version 17
VisualStudioVersion = 17.7.34024.191
MinimumVisualStudioVersion = 10.0.40219.1
Project("{FAE04EC0-301F-11D3-BF4B-00C04F79EFBC}") = "vòng lặp For", "vòng lặp For\vòng lặp For.csproj", "{BBC28485-BEF2-43DB-9F0E-111561CDFFBF}"
EndProject
Global
	GlobalSection(SolutionConfigurationPlatforms) = preSolution
		Debug|Any CPU = Debug|Any CPU
		Release|Any CPU = Release|Any CPU
	EndGlobalSection
	GlobalSection(ProjectConfigurationPlatforms) = postSolution
		{BBC28485-BEF2-43DB-9F0E-111561CDFFBF}.Debug|Any CPU.ActiveCfg = Debug|Any CPU
		{BBC28485-BEF2-43DB-9F0E-111561CDFFBF}.Debug|Any CPU.Build.0 = Debug|Any CPU
		{BBC28485-BEF2-43DB-9F0E-111561CDFFBF}.Release|Any CPU.ActiveCfg = Release|Any CPU
		{BBC28485-BEF2-43DB-9F0E-111561CDFFBF}.Release|Any CPU.Build.0 = Release|Any CPU
	EndGlobalSection
	GlobalSection(SolutionProperties) = preSolution
		HideSolutionNode = FALSE
	EndGlobalSection
	GlobalSection(ExtensibilityGlobals) = postSolution
		SolutionGuid = {44D51171-0125-4815-BE6B-45B5154FD77C}
	EndGlobalSection
EndGlobal
