
Microsoft Visual Studio Solution File, Format Version 12.00
# Visual Studio Version 17
VisualStudioVersion = 17.7.34024.191
MinimumVisualStudioVersion = 10.0.40219.1
Project("{FAE04EC0-301F-11D3-BF4B-00C04F79EFBC}") = "sortedlist trong c#", "sortedlist trong c#\sortedlist trong c#.csproj", "{05A30766-268C-4080-8698-55BC777FB7C5}"
EndProject
Global
	GlobalSection(SolutionConfigurationPlatforms) = preSolution
		Debug|Any CPU = Debug|Any CPU
		Release|Any CPU = Release|Any CPU
	EndGlobalSection
	GlobalSection(ProjectConfigurationPlatforms) = postSolution
		{05A30766-268C-4080-8698-55BC777FB7C5}.Debug|Any CPU.ActiveCfg = Debug|Any CPU
		{05A30766-268C-4080-8698-55BC777FB7C5}.Debug|Any CPU.Build.0 = Debug|Any CPU
		{05A30766-268C-4080-8698-55BC777FB7C5}.Release|Any CPU.ActiveCfg = Release|Any CPU
		{05A30766-268C-4080-8698-55BC777FB7C5}.Release|Any CPU.Build.0 = Release|Any CPU
	EndGlobalSection
	GlobalSection(SolutionProperties) = preSolution
		HideSolutionNode = FALSE
	EndGlobalSection
	GlobalSection(ExtensibilityGlobals) = postSolution
		SolutionGuid = {BFA07B95-D3DF-4960-88B1-05616FA1F2C5}
	EndGlobalSection
EndGlobal
